# THIS IS AN AUTOGENERATED FILE. DO NOT EDIT THIS FILE DIRECTLY.
# yarn lockfile v1


evm@^0.2.0:
  version "0.2.0"
  resolved "https://registry.yarnpkg.com/evm/-/evm-0.2.0.tgz#17fb54d1e0cdf18f6df15230168a8f8304b19644"
  integrity sha512-s16LA1Y/3BjB353aI87wdnDtrOp1ox92Nkxk/AYQ++drPlsnD6fO3tyir8Xnqm4c5rYDIplxm37R5xwLJEOBUw==

nanoid@^3.1.25:
  version "3.1.25"
  resolved "https://registry.yarnpkg.com/nanoid/-/nanoid-3.1.25.tgz#09ca32747c0e543f0e1814b7d3793477f9c8e152"
  integrity sha512-rdwtIXaXCLFAQbnfqDRnI6jaRHp9fTcYBjtFKE8eezcZ7LuLjhUaQGNeMXf1HmRoCH32CLz6XwX0TtxEOS/A3Q==
